
Microsoft Visual Studio Solution File, Format Version 12.00
# Visual Studio Version 16
VisualStudioVersion = 16.0.30413.136
MinimumVisualStudioVersion = 10.0.40219.1
Project("{FAE04EC0-301F-11D3-BF4B-00C04F79EFBC}") = "Shop", "Shop\Shop.csproj", "{622CC775-D8CF-41C3-B5CE-A478903591BC}"
EndProject
Global
	GlobalSection(SolutionConfigurationPlatforms) = preSolution
		Debug|Any CPU = Debug|Any CPU
		Release|Any CPU = Release|Any CPU
	EndGlobalSection
	GlobalSection(ProjectConfigurationPlatforms) = postSolution
		{622CC775-D8CF-41C3-B5CE-A478903591BC}.Debug|Any CPU.ActiveCfg = Debug|Any CPU
		{622CC775-D8CF-41C3-B5CE-A478903591BC}.Debug|Any CPU.Build.0 = Debug|Any CPU
		{622CC775-D8CF-41C3-B5CE-A478903591BC}.Release|Any CPU.ActiveCfg = Release|Any CPU
		{622CC775-D8CF-41C3-B5CE-A478903591BC}.Release|Any CPU.Build.0 = Release|Any CPU
	EndGlobalSection
	GlobalSection(SolutionProperties) = preSolution
		HideSolutionNode = FALSE
	EndGlobalSection
	GlobalSection(ExtensibilityGlobals) = postSolution
		SolutionGuid = {78672BF4-057E-4039-9A1B-9F1D364E5AC6}
	EndGlobalSection
EndGlobal
